// !$*UTF8*$!
{
	archiveVersion = 1;
	classes = {
	};
	objectVersion = 50;
	objects = {

/* Begin PBXBuildFile section */
		DFCAB14126E5CAF100EB718E /* AppDelegate.swift in Sources */ = {isa = PBXBuildFile; fileRef = DFCAB14026E5CAF100EB718E /* AppDelegate.swift */; };
		DFCAB14326E5CAF100EB718E /* SceneDelegate.swift in Sources */ = {isa = PBXBuildFile; fileRef = DFCAB14226E5CAF100EB718E /* SceneDelegate.swift */; };
		DFCAB14826E5CAF100EB718E /* Main.storyboard in Resources */ = {isa = PBXBuildFile; fileRef = DFCAB14626E5CAF100EB718E /* Main.storyboard */; };
		DFCAB14A26E5CAF400EB718E /* Assets.xcassets in Resources */ = {isa = PBXBuildFile; fileRef = DFCAB14926E5CAF400EB718E /* Assets.xcassets */; };
		DFCAB14D26E5CAF400EB718E /* LaunchScreen.storyboard in Resources */ = {isa = PBXBuildFile; fileRef = DFCAB14B26E5CAF400EB718E /* LaunchScreen.storyboard */; };
		DFCAB16326E5E9AC00EB718E /* HomeViewController.swift in Sources */ = {isa = PBXBuildFile; fileRef = DFCAB16226E5E9AC00EB718E /* HomeViewController.swift */; };
		DFCAB16526E5EB4800EB718E /* Student.swift in Sources */ = {isa = PBXBuildFile; fileRef = DFCAB16426E5EB4800EB718E /* Student.swift */; };
		DFCAB16826E5F8E400EB718E /* HomeTableViewCell.swift in Sources */ = {isa = PBXBuildFile; fileRef = DFCAB16726E5F8E400EB718E /* HomeTableViewCell.swift */; };
		DFCAB16A26E60FFF00EB718E /* TimeInfoTableViewCell.swift in Sources */ = {isa = PBXBuildFile; fileRef = DFCAB16926E60FFE00EB718E /* TimeInfoTableViewCell.swift */; };
		DFCAB16E26E6F88500EB718E /* ThongBaoTableViewController.swift in Sources */ = {isa = PBXBuildFile; fileRef = DFCAB16D26E6F88400EB718E /* ThongBaoTableViewController.swift */; };
		DFCAB17626E6FC6300EB718E /* ThongBaoTableViewCell.swift in Sources */ = {isa = PBXBuildFile; fileRef = DFCAB17426E6FC6300EB718E /* ThongBaoTableViewCell.swift */; };
		DFCAB17726E6FC6300EB718E /* ThongBaoTableViewCell.xib in Resources */ = {isa = PBXBuildFile; fileRef = DFCAB17526E6FC6300EB718E /* ThongBaoTableViewCell.xib */; };
/* End PBXBuildFile section */

/* Begin PBXFileReference section */
		DFCAB13D26E5CAF100EB718E /* kidsOnlineClone.app */ = {isa = PBXFileReference; explicitFileType = wrapper.application; includeInIndex = 0; path = kidsOnlineClone.app; sourceTree = BUILT_PRODUCTS_DIR; };
		DFCAB14026E5CAF100EB718E /* AppDelegate.swift */ = {isa = PBXFileReference; lastKnownFileType = sourcecode.swift; path = AppDelegate.swift; sourceTree = "<group>"; };
		DFCAB14226E5CAF100EB718E /* SceneDelegate.swift */ = {isa = PBXFileReference; lastKnownFileType = sourcecode.swift; path = SceneDelegate.swift; sourceTree = "<group>"; };
		DFCAB14726E5CAF100EB718E /* Base */ = {isa = PBXFileReference; lastKnownFileType = file.storyboard; name = Base; path = Base.lproj/Main.storyboard; sourceTree = "<group>"; };
		DFCAB14926E5CAF400EB718E /* Assets.xcassets */ = {isa = PBXFileReference; lastKnownFileType = folder.assetcatalog; path = Assets.xcassets; sourceTree = "<group>"; };
		DFCAB14C26E5CAF400EB718E /* Base */ = {isa = PBXFileReference; lastKnownFileType = file.storyboard; name = Base; path = Base.lproj/LaunchScreen.storyboard; sourceTree = "<group>"; };
		DFCAB14E26E5CAF400EB718E /* Info.plist */ = {isa = PBXFileReference; lastKnownFileType = text.plist.xml; path = Info.plist; sourceTree = "<group>"; };
		DFCAB16226E5E9AC00EB718E /* HomeViewController.swift */ = {isa = PBXFileReference; lastKnownFileType = sourcecode.swift; path = HomeViewController.swift; sourceTree = "<group>"; };
		DFCAB16426E5EB4800EB718E /* Student.swift */ = {isa = PBXFileReference; lastKnownFileType = sourcecode.swift; path = Student.swift; sourceTree = "<group>"; };
		DFCAB16726E5F8E400EB718E /* HomeTableViewCell.swift */ = {isa = PBXFileReference; lastKnownFileType = sourcecode.swift; path = HomeTableViewCell.swift; sourceTree = "<group>"; };
		DFCAB16926E60FFE00EB718E /* TimeInfoTableViewCell.swift */ = {isa = PBXFileReference; lastKnownFileType = sourcecode.swift; path = TimeInfoTableViewCell.swift; sourceTree = "<group>"; };
		DFCAB16D26E6F88400EB718E /* ThongBaoTableViewController.swift */ = {isa = PBXFileReference; lastKnownFileType = sourcecode.swift; path = ThongBaoTableViewController.swift; sourceTree = "<group>"; };
		DFCAB17426E6FC6300EB718E /* ThongBaoTableViewCell.swift */ = {isa = PBXFileReference; lastKnownFileType = sourcecode.swift; path = ThongBaoTableViewCell.swift; sourceTree = "<group>"; };
		DFCAB17526E6FC6300EB718E /* ThongBaoTableViewCell.xib */ = {isa = PBXFileReference; lastKnownFileType = file.xib; path = ThongBaoTableViewCell.xib; sourceTree = "<group>"; };
/* End PBXFileReference section */

/* Begin PBXFrameworksBuildPhase section */
		DFCAB13A26E5CAF100EB718E /* Frameworks */ = {
			isa = PBXFrameworksBuildPhase;
			buildActionMask = 2147483647;
			files = (
			);
			runOnlyForDeploymentPostprocessing = 0;
		};
/* End PBXFrameworksBuildPhase section */

/* Begin PBXGroup section */
		DFCAB13426E5CAF100EB718E = {
			isa = PBXGroup;
			children = (
				DFCAB13F26E5CAF100EB718E /* kidsOnlineClone */,
				DFCAB13E26E5CAF100EB718E /* Products */,
			);
			sourceTree = "<group>";
		};
		DFCAB13E26E5CAF100EB718E /* Products */ = {
			isa = PBXGroup;
			children = (
				DFCAB13D26E5CAF100EB718E /* kidsOnlineClone.app */,
			);
			name = Products;
			sourceTree = "<group>";
		};
		DFCAB13F26E5CAF100EB718E /* kidsOnlineClone */ = {
			isa = PBXGroup;
			children = (
				DFCAB15626E5D33F00EB718E /* Controllers */,
				DFCAB15526E5D33100EB718E /* Views */,
				DFCAB15426E5D32800EB718E /* Models */,
				DFCAB14026E5CAF100EB718E /* AppDelegate.swift */,
				DFCAB14226E5CAF100EB718E /* SceneDelegate.swift */,
				DFCAB14626E5CAF100EB718E /* Main.storyboard */,
				DFCAB14926E5CAF400EB718E /* Assets.xcassets */,
				DFCAB14B26E5CAF400EB718E /* LaunchScreen.storyboard */,
				DFCAB14E26E5CAF400EB718E /* Info.plist */,
			);
			path = kidsOnlineClone;
			sourceTree = "<group>";
		};
		DFCAB15426E5D32800EB718E /* Models */ = {
			isa = PBXGroup;
			children = (
				DFCAB16426E5EB4800EB718E /* Student.swift */,
			);
			path = Models;
			sourceTree = "<group>";
		};
		DFCAB15526E5D33100EB718E /* Views */ = {
			isa = PBXGroup;
			children = (
				DFCAB16F26E6FB7700EB718E /* ThongBao */,
				DFCAB16626E5F8CD00EB718E /* Home */,
			);
			path = Views;
			sourceTree = "<group>";
		};
		DFCAB15626E5D33F00EB718E /* Controllers */ = {
			isa = PBXGroup;
			children = (
				DFCAB16B26E6F83900EB718E /* ThongBao */,
				DFCAB15726E5D42C00EB718E /* Home */,
			);
			path = Controllers;
			sourceTree = "<group>";
		};
		DFCAB15726E5D42C00EB718E /* Home */ = {
			isa = PBXGroup;
			children = (
				DFCAB16226E5E9AC00EB718E /* HomeViewController.swift */,
			);
			path = Home;
			sourceTree = "<group>";
		};
		DFCAB16626E5F8CD00EB718E /* Home */ = {
			isa = PBXGroup;
			children = (
				DFCAB16726E5F8E400EB718E /* HomeTableViewCell.swift */,
				DFCAB16926E60FFE00EB718E /* TimeInfoTableViewCell.swift */,
			);
			path = Home;
			sourceTree = "<group>";
		};
		DFCAB16B26E6F83900EB718E /* ThongBao */ = {
			isa = PBXGroup;
			children = (
				DFCAB16D26E6F88400EB718E /* ThongBaoTableViewController.swift */,
			);
			path = ThongBao;
			sourceTree = "<group>";
		};
		DFCAB16F26E6FB7700EB718E /* ThongBao */ = {
			isa = PBXGroup;
			children = (
				DFCAB17426E6FC6300EB718E /* ThongBaoTableViewCell.swift */,
				DFCAB17526E6FC6300EB718E /* ThongBaoTableViewCell.xib */,
			);
			path = ThongBao;
			sourceTree = "<group>";
		};
/* End PBXGroup section */

/* Begin PBXNativeTarget section */
		DFCAB13C26E5CAF100EB718E /* kidsOnlineClone */ = {
			isa = PBXNativeTarget;
			buildConfigurationList = DFCAB15126E5CAF400EB718E /* Build configuration list for PBXNativeTarget "kidsOnlineClone" */;
			buildPhases = (
				DFCAB13926E5CAF100EB718E /* Sources */,
				DFCAB13A26E5CAF100EB718E /* Frameworks */,
				DFCAB13B26E5CAF100EB718E /* Resources */,
			);
			buildRules = (
			);
			dependencies = (
			);
			name = kidsOnlineClone;
			productName = kidsOnlineClone;
			productReference = DFCAB13D26E5CAF100EB718E /* kidsOnlineClone.app */;
			productType = "com.apple.product-type.application";
		};
/* End PBXNativeTarget section */

/* Begin PBXProject section */
		DFCAB13526E5CAF100EB718E /* Project object */ = {
			isa = PBXProject;
			attributes = {
				LastSwiftUpdateCheck = 1250;
				LastUpgradeCheck = 1250;
				TargetAttributes = {
					DFCAB13C26E5CAF100EB718E = {
						CreatedOnToolsVersion = 12.5.1;
					};
				};
			};
			buildConfigurationList = DFCAB13826E5CAF100EB718E /* Build configuration list for PBXProject "kidsOnlineClone" */;
			compatibilityVersion = "Xcode 9.3";
			developmentRegion = en;
			hasScannedForEncodings = 0;
			knownRegions = (
				en,
				Base,
			);
			mainGroup = DFCAB13426E5CAF100EB718E;
			productRefGroup = DFCAB13E26E5CAF100EB718E /* Products */;
			projectDirPath = "";
			projectRoot = "";
			targets = (
				DFCAB13C26E5CAF100EB718E /* kidsOnlineClone */,
			);
		};
/* End PBXProject section */

/* Begin PBXResourcesBuildPhase section */
		DFCAB13B26E5CAF100EB718E /* Resources */ = {
			isa = PBXResourcesBuildPhase;
			buildActionMask = 2147483647;
			files = (
				DFCAB14D26E5CAF400EB718E /* LaunchScreen.storyboard in Resources */,
				DFCAB14A26E5CAF400EB718E /* Assets.xcassets in Resources */,
				DFCAB14826E5CAF100EB718E /* Main.storyboard in Resources */,
				DFCAB17726E6FC6300EB718E /* ThongBaoTableViewCell.xib in Resources */,
			);
			runOnlyForDeploymentPostprocessing = 0;
		};
/* End PBXResourcesBuildPhase section */

/* Begin PBXSourcesBuildPhase section */
		DFCAB13926E5CAF100EB718E /* Sources */ = {
			isa = PBXSourcesBuildPhase;
			buildActionMask = 2147483647;
			files = (
				DFCAB14126E5CAF100EB718E /* AppDelegate.swift in Sources */,
				DFCAB16E26E6F88500EB718E /* ThongBaoTableViewController.swift in Sources */,
				DFCAB16826E5F8E400EB718E /* HomeTableViewCell.swift in Sources */,
				DFCAB17626E6FC6300EB718E /* ThongBaoTableViewCell.swift in Sources */,
				DFCAB14326E5CAF100EB718E /* SceneDelegate.swift in Sources */,
				DFCAB16326E5E9AC00EB718E /* HomeViewController.swift in Sources */,
				DFCAB16A26E60FFF00EB718E /* TimeInfoTableViewCell.swift in Sources */,
				DFCAB16526E5EB4800EB718E /* Student.swift in Sources */,
			);
			runOnlyForDeploymentPostprocessing = 0;
		};
/* End PBXSourcesBuildPhase section */

/* Begin PBXVariantGroup section */
		DFCAB14626E5CAF100EB718E /* Main.storyboard */ = {
			isa = PBXVariantGroup;
			children = (
				DFCAB14726E5CAF100EB718E /* Base */,
			);
			name = Main.storyboard;
			sourceTree = "<group>";
		};
		DFCAB14B26E5CAF400EB718E /* LaunchScreen.storyboard */ = {
			isa = PBXVariantGroup;
			children = (
				DFCAB14C26E5CAF400EB718E /* Base */,
			);
			name = LaunchScreen.storyboard;
			sourceTree = "<group>";
		};
/* End PBXVariantGroup section */

/* Begin XCBuildConfiguration section */
		DFCAB14F26E5CAF400EB718E /* Debug */ = {
			isa = XCBuildConfiguration;
			buildSettings = {
				ALWAYS_SEARCH_USER_PATHS = NO;
				CLANG_ANALYZER_NONNULL = YES;
				CLANG_ANALYZER_NUMBER_OBJECT_CONVERSION = YES_AGGRESSIVE;
				CLANG_CXX_LANGUAGE_STANDARD = "gnu++14";
				CLANG_CXX_LIBRARY = "libc++";
				CLANG_ENABLE_MODULES = YES;
				CLANG_ENABLE_OBJC_ARC = YES;
				CLANG_ENABLE_OBJC_WEAK = YES;
				CLANG_WARN_BLOCK_CAPTURE_AUTORELEASING = YES;
				CLANG_WARN_BOOL_CONVERSION = YES;
				CLANG_WARN_COMMA = YES;
				CLANG_WARN_CONSTANT_CONVERSION = YES;
				CLANG_WARN_DEPRECATED_OBJC_IMPLEMENTATIONS = YES;
				CLANG_WARN_DIRECT_OBJC_ISA_USAGE = YES_ERROR;
				CLANG_WARN_DOCUMENTATION_COMMENTS = YES;
				CLANG_WARN_EMPTY_BODY = YES;
				CLANG_WARN_ENUM_CONVERSION = YES;
				CLANG_WARN_INFINITE_RECURSION = YES;
				CLANG_WARN_INT_CONVERSION = YES;
				CLANG_WARN_NON_LITERAL_NULL_CONVERSION = YES;
				CLANG_WARN_OBJC_IMPLICIT_RETAIN_SELF = YES;
				CLANG_WARN_OBJC_LITERAL_CONVERSION = YES;
				CLANG_WARN_OBJC_ROOT_CLASS = YES_ERROR;
				CLANG_WARN_QUOTED_INCLUDE_IN_FRAMEWORK_HEADER = YES;
				CLANG_WARN_RANGE_LOOP_ANALYSIS = YES;
				CLANG_WARN_STRICT_PROTOTYPES = YES;
				CLANG_WARN_SUSPICIOUS_MOVE = YES;
				CLANG_WARN_UNGUARDED_AVAILABILITY = YES_AGGRESSIVE;
				CLANG_WARN_UNREACHABLE_CODE = YES;
				CLANG_WARN__DUPLICATE_METHOD_MATCH = YES;
				COPY_PHASE_STRIP = NO;
				DEBUG_INFORMATION_FORMAT = dwarf;
				ENABLE_STRICT_OBJC_MSGSEND = YES;
				ENABLE_TESTABILITY = YES;
				GCC_C_LANGUAGE_STANDARD = gnu11;
				GCC_DYNAMIC_NO_PIC = NO;
				GCC_NO_COMMON_BLOCKS = YES;
				GCC_OPTIMIZATION_LEVEL = 0;
				GCC_PREPROCESSOR_DEFINITIONS = (
					"DEBUG=1",
					"$(inherited)",
				);
				GCC_WARN_64_TO_32_BIT_CONVERSION = YES;
				GCC_WARN_ABOUT_RETURN_TYPE = YES_ERROR;
				GCC_WARN_UNDECLARED_SELECTOR = YES;
				GCC_WARN_UNINITIALIZED_AUTOS = YES_AGGRESSIVE;
				GCC_WARN_UNUSED_FUNCTION = YES;
				GCC_WARN_UNUSED_VARIABLE = YES;
				IPHONEOS_DEPLOYMENT_TARGET = 14.5;
				MTL_ENABLE_DEBUG_INFO = INCLUDE_SOURCE;
				MTL_FAST_MATH = YES;
				ONLY_ACTIVE_ARCH = YES;
				SDKROOT = iphoneos;
				SWIFT_ACTIVE_COMPILATION_CONDITIONS = DEBUG;
				SWIFT_OPTIMIZATION_LEVEL = "-Onone";
			};
			name = Debug;
		};
		DFCAB15026E5CAF400EB718E /* Release */ = {
			isa = XCBuildConfiguration;
			buildSettings = {
				ALWAYS_SEARCH_USER_PATHS = NO;
				CLANG_ANALYZER_NONNULL = YES;
				CLANG_ANALYZER_NUMBER_OBJECT_CONVERSION = YES_AGGRESSIVE;
				CLANG_CXX_LANGUAGE_STANDARD = "gnu++14";
				CLANG_CXX_LIBRARY = "libc++";
				CLANG_ENABLE_MODULES = YES;
				CLANG_ENABLE_OBJC_ARC = YES;
				CLANG_ENABLE_OBJC_WEAK = YES;
				CLANG_WARN_BLOCK_CAPTURE_AUTORELEASING = YES;
				CLANG_WARN_BOOL_CONVERSION = YES;
				CLANG_WARN_COMMA = YES;
				CLANG_WARN_CONSTANT_CONVERSION = YES;
				CLANG_WARN_DEPRECATED_OBJC_IMPLEMENTATIONS = YES;
				CLANG_WARN_DIRECT_OBJC_ISA_USAGE = YES_ERROR;
				CLANG_WARN_DOCUMENTATION_COMMENTS = YES;
				CLANG_WARN_EMPTY_BODY = YES;
				CLANG_WARN_ENUM_CONVERSION = YES;
				CLANG_WARN_INFINITE_RECURSION = YES;
				CLANG_WARN_INT_CONVERSION = YES;
				CLANG_WARN_NON_LITERAL_NULL_CONVERSION = YES;
				CLANG_WARN_OBJC_IMPLICIT_RETAIN_SELF = YES;
				CLANG_WARN_OBJC_LITERAL_CONVERSION = YES;
				CLANG_WARN_OBJC_ROOT_CLASS = YES_ERROR;
				CLANG_WARN_QUOTED_INCLUDE_IN_FRAMEWORK_HEADER = YES;
				CLANG_WARN_RANGE_LOOP_ANALYSIS = YES;
				CLANG_WARN_STRICT_PROTOTYPES = YES;
				CLANG_WARN_SUSPICIOUS_MOVE = YES;
				CLANG_WARN_UNGUARDED_AVAILABILITY = YES_AGGRESSIVE;
				CLANG_WARN_UNREACHABLE_CODE = YES;
				CLANG_WARN__DUPLICATE_METHOD_MATCH = YES;
				COPY_PHASE_STRIP = NO;
				DEBUG_INFORMATION_FORMAT = "dwarf-with-dsym";
				ENABLE_NS_ASSERTIONS = NO;
				ENABLE_STRICT_OBJC_MSGSEND = YES;
				GCC_C_LANGUAGE_STANDARD = gnu11;
				GCC_NO_COMMON_BLOCKS = YES;
				GCC_WARN_64_TO_32_BIT_CONVERSION = YES;
				GCC_WARN_ABOUT_RETURN_TYPE = YES_ERROR;
				GCC_WARN_UNDECLARED_SELECTOR = YES;
				GCC_WARN_UNINITIALIZED_AUTOS = YES_AGGRESSIVE;
				GCC_WARN_UNUSED_FUNCTION = YES;
				GCC_WARN_UNUSED_VARIABLE = YES;
				IPHONEOS_DEPLOYMENT_TARGET = 14.5;
				MTL_ENABLE_DEBUG_INFO = NO;
				MTL_FAST_MATH = YES;
				SDKROOT = iphoneos;
				SWIFT_COMPILATION_MODE = wholemodule;
				SWIFT_OPTIMIZATION_LEVEL = "-O";
				VALIDATE_PRODUCT = YES;
			};
			name = Release;
		};
		DFCAB15226E5CAF400EB718E /* Debug */ = {
			isa = XCBuildConfiguration;
			buildSettings = {
				ASSETCATALOG_COMPILER_APPICON_NAME = AppIcon;
				ASSETCATALOG_COMPILER_GLOBAL_ACCENT_COLOR_NAME = AccentColor;
				CODE_SIGN_STYLE = Automatic;
				INFOPLIST_FILE = kidsOnlineClone/Info.plist;
				LD_RUNPATH_SEARCH_PATHS = (
					"$(inherited)",
					"@executable_path/Frameworks",
				);
				PRODUCT_BUNDLE_IDENTIFIER = com.Turacle.kidsOnlineClone;
				PRODUCT_NAME = "$(TARGET_NAME)";
				SWIFT_VERSION = 5.0;
				TARGETED_DEVICE_FAMILY = "1,2";
			};
			name = Debug;
		};
		DFCAB15326E5CAF400EB718E /* Release */ = {
			isa = XCBuildConfiguration;
			buildSettings = {
				ASSETCATALOG_COMPILER_APPICON_NAME = AppIcon;
				ASSETCATALOG_COMPILER_GLOBAL_ACCENT_COLOR_NAME = AccentColor;
				CODE_SIGN_STYLE = Automatic;
				INFOPLIST_FILE = kidsOnlineClone/Info.plist;
				LD_RUNPATH_SEARCH_PATHS = (
					"$(inherited)",
					"@executable_path/Frameworks",
				);
				PRODUCT_BUNDLE_IDENTIFIER = com.Turacle.kidsOnlineClone;
				PRODUCT_NAME = "$(TARGET_NAME)";
				SWIFT_VERSION = 5.0;
				TARGETED_DEVICE_FAMILY = "1,2";
			};
			name = Release;
		};
/* End XCBuildConfiguration section */

/* Begin XCConfigurationList section */
		DFCAB13826E5CAF100EB718E /* Build configuration list for PBXProject "kidsOnlineClone" */ = {
			isa = XCConfigurationList;
			buildConfigurations = (
				DFCAB14F26E5CAF400EB718E /* Debug */,
				DFCAB15026E5CAF400EB718E /* Release */,
			);
			defaultConfigurationIsVisible = 0;
			defaultConfigurationName = Release;
		};
		DFCAB15126E5CAF400EB718E /* Build configuration list for PBXNativeTarget "kidsOnlineClone" */ = {
			isa = XCConfigurationList;
			buildConfigurations = (
				DFCAB15226E5CAF400EB718E /* Debug */,
				DFCAB15326E5CAF400EB718E /* Release */,
			);
			defaultConfigurationIsVisible = 0;
			defaultConfigurationName = Release;
		};
/* End XCConfigurationList section */
	};
	rootObject = DFCAB13526E5CAF100EB718E /* Project object */;
}
